{
  "name": "myworkday",
  "version": "0.0.0",
  "lockfileVersion": 3,
  "requires": true,
  "packages": {
    "": {
      "name": "myworkday",
      "version": "0.0.0",
      "dependencies": {
        "@google/genai": "^1.9.0",
        "firebase": "^10.12.2",
        "i18next": "^23.11.5",
        "i18next-browser-languagedetector": "^8.0.0",
        "i18next-http-backend": "^2.5.2",
        "react": "^18.2.0",
        "react-dom": "^18.2.0",
        "react-i18next": "^14.1.2"
      },
      "devDependencies": {
        "@types/react": "^18.3.3",
        "@types/react-dom": "^18.3.0",
        "@vitejs/plugin-react": "^4.3.1",
        "typescript": "^5.4.5",
        "vite": "^5.2.13"
      }
    },
    "node_modules/@google/genai": {
      "version": "1.16.0",
      "resolved": "https://aistudiocdn.com/@google/genai@1.16.0",
      "integrity": "sha512-V8M9J5fCg2/T3K14L4y2t2A+e74aYj43tGgM+P08uF0YqjX4rLp7w3g6yX8z1v/3m/3w6a7c8j9b1w==",
      "dependencies": {
        "tslib": "^2.6.3"
      },
      "engines": {
        "node": ">=18.0.0"
      }
    },
    "node_modules/@types/node": {
      "version": "20.14.9",
      "resolved": "https://aistudiocdn.com/@types/node@20.14.9",
      "integrity": "sha512-06OCtnTXtWOZJvCR4D6zGag0w5k3GsvM8j3uHkucv2A2aR2o8VzAU24GJeQ0eK9rY34a2eG1z9235o1cWd1bCA==",
      "dev": true,
      "dependencies": {
        "undici-types": "^5.26.5"
      }
    },
    "node_modules/@types/prop-types": {
      "version": "15.7.12",
      "resolved": "https://aistudiocdn.com/@types/prop-types@15.7.12",
      "integrity": "sha512-5zvhXYS3icfN1wSUH5o6j3sAUAzqPz30P8s9O7crj22kO350a86F0i12f6aORhOTi8z3L3uW/53+P4Mzaf34w==",
      "dev": true
    },
    "node_modules/@types/react": {
      "version": "18.3.3",
      "resolved": "https://aistudiocdn.com/@types/react@18.3.3",
      "integrity": "sha512-hti/R0pS0q1/cpxhi2cUVEWEqOE9D+sP90k6se3iSTaTTiLOiSA9 strangled-log/1.1.0/b052d9220556209b07b3e24b43444983088a268e64cde8b0c159f8a3c89b708b/react@18.3.1/node_modules/scheduler@0.23.2",
      "integrity": "sha512-421Q0SrS+6DffQleWCLsQ22wYz8Wg9Vv12w509ueRz2Qp78b3Y434D1MG/2y7NAiA8CSa2xK2e1nL1T7A3+2sA==",
      "peerDependencies": {
        "react": "*"
      }
    },
    "node_modules/rollup": {
      "version": "4.18.0",
      "resolved": "https://aistudiocdn.com/rollup@4.18.0",
      "integrity": "sha512-A4GVBC26yKBRb8xbbdb32I2t22iJ2aFf2XQ22jUdq2pXBL5rgz1aNVS2p59gHi8w5L2lHsc0P23yCF2h69nF2A==",
      "bin": {
        "rollup": "dist/bin/rollup"
      },
      "engines": {
        "node": ">=18.0.0",
        "npm": ">=8.0.0"
      },
      "optionalDependencies": {
        "@rollup/rollup-android-arm-eabi": "4.18.0",
        "@rollup/rollup-android-arm64": "4.18.0",
        "@rollup/rollup-darwin-arm64": "4.18.0",
        "@rollup/rollup-darwin-x64": "4.18.0",
        "@rollup/rollup-linux-arm-gnueabihf": "4.18.0",
        "@rollup/rollup-linux-arm64-gnu": "4.18.0",
        "@rollup/rollup-linux-arm64-musl": "4.18.0",
        "@rollup/rollup-linux-x64-gnu": "4.18.0",
        "@rollup/rollup-linux-x64-musl": "4.18.0",
        "@rollup/rollup-win32-arm64-msvc": "4.18.0",
        "@rollup/rollup-win32-ia32-msvc": "4.18.0",
        "@rollup/rollup-win32-x64-msvc": "4.18.0"
      }
    },
    "node_modules/scheduler": {
      "version": "0.23.2",
      "resolved": "https://aistudiocdn.com/scheduler@0.23.2",
      "integrity": "sha512-EaCxC24t07+hcmK1Yb2a55M2T35v52N1/m2i/B22441s86L1h0s02h2ce8v6e7qbsNRXQ0323sE2Zg1FRA==",
      "dependencies": {
        "loose-envify": "^1.1.0"
      },
      "peer": true
    },
    "node_modules/source-map-js": {
      "version": "1.2.0",
      "resolved": "https://aistudiocdn.com/source-map-js@1.2.0",
      "integrity": "sha512-itJW8lvSA0BEpj32WeJ5pP/H30i8oXgQ6A673233DM2nI4An2uV+3Q50R2oQqN4h12d2nNQCb2bUlE+eY3GgA==",
      "dev": true,
      "engines": {
        "node": ">=0.10.0"
      }
    },
    "node_modules/tslib": {
      "version": "2.6.3",
      "resolved": "https://aistudiocdn.com/tslib@2.6.3",
      "integrity": "sha512-xN0OqNz23TfrR3gqw2itU22a30b5TMmhSfasuCB3/Qrqy34o2x3i0kHwIen1k3x1Hl/2gfuL2T1n+Gwe2gLgWA=="
    },
    "node_modules/typescript": {
      "version": "5.4.5",
      "resolved": "https://aistudiocdn.com/typescript@5.4.5",
      "integrity": "sha512-Yk4KpvSAk6r0QhnyskorMbK9GAmP3AZDrb+6JVDdh4g0g2cYuI4+6swT/SOi04L8g3CrPNb12oA95OP4EbfzRQ==",
      "dev": true,
      "bin": {
        "tsc": "bin/tsc",
        "tsserver": "bin/tsserver"
      },
      "engines": {
        "node": ">=14.17"
      }
    },
    "node_modules/undici-types": {
      "version": "5.26.5",
      "resolved": "https://aistudiocdn.com/undici-types@5.26.5",
      "integrity": "sha512-JlCMO+ehdEIKqlFxk6IfVoAUVmgz7cU7zD/h9XZ0qzeosSHmUJVOzSQvvYSYWXkFXC+IfLKSIffhv0sVZup6pA==",
      "dev": true
    },
    "node_modules/vite": {
      "version": "5.2.13",
      "resolved": "https://aistudiocdn.com/vite@5.2.13",
      "integrity": "sha512-5vA3b7cW4j66XpYJEe0s6Fmje4VfnK2/wFfV2dJqZgQd0V0x3YQYsfH0Qyb/L3w6s8q1I3caV1O32sH0g3fL6Q==",
      "dev": true,
      "dependencies": {
        "esbuild": "^0.20.2",
        "postcss": "^8.4.38",
        "rollup": "^4.17.2"
      },
      "bin": {
        "vite": "bin/vite.js"
      },
      "engines": {
        "node": "^18.0.0 || >=20.0.0"
      },
      "funding": {
        "url": "https://github.com/sponsors/yyx990803"
      },
      "optionalDependencies": {
        "fsevents": "~2.3.3"
      },
      "peerDependencies": {
        "less": "*",
        "lightningcss": "^1.21.0",
        "sass": "*",
        "stylus": "*",
        "sugarss": "*",
        "terser": "^5.4.0"
      },
      "peerDependenciesMeta": {
        "less": {
          "optional": true
        },
        "lightningcss": {
          "optional": true
        },
        "sass": {
          "optional": true
        },
        "stylus": {
          "optional": true
        },
        "sugarss": {
          "optional": true
        },
        "terser": {
          "optional": true
        }
      }
    }
  }
}
